
Microsoft Visual Studio Solution File, Format Version 12.00
# Visual Studio Version 17
VisualStudioVersion = 17.5.33424.131
MinimumVisualStudioVersion = 10.0.40219.1
Project("{FAE04EC0-301F-11D3-BF4B-00C04F79EFBC}") = "MinhaCalculadora", "MinhaCalculadora\MinhaCalculadora.csproj", "{EE569C1E-51A7-4126-B890-4A897F7AE1B0}"
EndProject
Global
	GlobalSection(SolutionConfigurationPlatforms) = preSolution
		Debug|Any CPU = Debug|Any CPU
		Release|Any CPU = Release|Any CPU
	EndGlobalSection
	GlobalSection(ProjectConfigurationPlatforms) = postSolution
		{EE569C1E-51A7-4126-B890-4A897F7AE1B0}.Debug|Any CPU.ActiveCfg = Debug|Any CPU
		{EE569C1E-51A7-4126-B890-4A897F7AE1B0}.Debug|Any CPU.Build.0 = Debug|Any CPU
		{EE569C1E-51A7-4126-B890-4A897F7AE1B0}.Release|Any CPU.ActiveCfg = Release|Any CPU
		{EE569C1E-51A7-4126-B890-4A897F7AE1B0}.Release|Any CPU.Build.0 = Release|Any CPU
	EndGlobalSection
	GlobalSection(SolutionProperties) = preSolution
		HideSolutionNode = FALSE
	EndGlobalSection
	GlobalSection(ExtensibilityGlobals) = postSolution
		SolutionGuid = {982885C1-F50D-4A7D-840C-1630F7BDD45D}
	EndGlobalSection
EndGlobal
